<Solution>
  <Configurations>
    <Platform Name="Any CPU" />
    <Platform Name="x64" />
    <Platform Name="x86" />
  </Configurations>
  <Folder Name="/clients/" />
  <Folder Name="/clients/dotnet/">
    <Project Path="clients/dotnet/FeatureFlags.Client.Redis.Tests/FeatureFlags.Client.Redis.Tests.csproj" />
    <Project Path="clients/dotnet/FeatureFlags.Client.Redis/FeatureFlags.Client.Redis.csproj" />
    <Project Path="clients/dotnet/FeatureFlags.Client.Tests/FeatureFlags.Client.Tests.csproj" />
    <Project Path="clients/dotnet/FeatureFlags.Client/FeatureFlags.Client.csproj" />
  </Folder>
  <Project Path="auth/auth.esproj">
    <Platform Project="AnyCPU" />
  </Project>
  <Project Path="FeatureFlags.AppHost/FeatureFlags.AppHost.csproj" />
  <Project Path="FeatureFlags.Domain.Tests/FeatureFlags.Domain.Tests.csproj" />
  <Project Path="FeatureFlags.Domain/FeatureFlags.Domain.csproj" />
  <Project Path="FeatureFlags.Infrastructure/FeatureFlags.Infrastructure.csproj" />
  <Project Path="FeatureFlags.Server.Tests/FeatureFlags.Server.Tests.csproj" />
  <Project Path="FeatureFlags.Server/FeatureFlags.Server.csproj" />
  <Project Path="frontend/frontend.esproj">
    <Build Solution="*|Any CPU" />
  </Project>
</Solution>
